
Microsoft Visual Studio Solution File, Format Version 12.00
# Visual Studio 15
VisualStudioVersion = 15.0.27004.2005
MinimumVisualStudioVersion = 10.0.40219.1
Project("{2150E333-8FDC-42A3-9474-1A3956D46DE8}") = "DesignPattern", "DesignPattern", "{55196F5C-5615-4EEF-8C0D-D293108E0A9A}"
EndProject
Project("{9A19103F-16F7-4668-BE54-9A1E7A4F7556}") = "BitCode.DesignPattern.ConsoleApp", "DesignPattern\BitCode.DesignPattern.ConsoleApp\BitCode.DesignPattern.ConsoleApp.csproj", "{DABFB3B8-B246-4F86-8EEB-C08CDDF53575}"
EndProject
Project("{9A19103F-16F7-4668-BE54-9A1E7A4F7556}") = "BitCode.DesignPattern.Decorator", "DesignPattern\BitCode.DesignPattern.Decorator\BitCode.DesignPattern.Decorator.csproj", "{100C36E1-5FB9-47D7-83AD-FCC8D824E7D6}"
EndProject
Global
	GlobalSection(SolutionConfigurationPlatforms) = preSolution
		Debug|Any CPU = Debug|Any CPU
		Release|Any CPU = Release|Any CPU
	EndGlobalSection
	GlobalSection(ProjectConfigurationPlatforms) = postSolution
		{DABFB3B8-B246-4F86-8EEB-C08CDDF53575}.Debug|Any CPU.ActiveCfg = Debug|Any CPU
		{DABFB3B8-B246-4F86-8EEB-C08CDDF53575}.Debug|Any CPU.Build.0 = Debug|Any CPU
		{DABFB3B8-B246-4F86-8EEB-C08CDDF53575}.Release|Any CPU.ActiveCfg = Release|Any CPU
		{DABFB3B8-B246-4F86-8EEB-C08CDDF53575}.Release|Any CPU.Build.0 = Release|Any CPU
		{100C36E1-5FB9-47D7-83AD-FCC8D824E7D6}.Debug|Any CPU.ActiveCfg = Debug|Any CPU
		{100C36E1-5FB9-47D7-83AD-FCC8D824E7D6}.Debug|Any CPU.Build.0 = Debug|Any CPU
		{100C36E1-5FB9-47D7-83AD-FCC8D824E7D6}.Release|Any CPU.ActiveCfg = Release|Any CPU
		{100C36E1-5FB9-47D7-83AD-FCC8D824E7D6}.Release|Any CPU.Build.0 = Release|Any CPU
	EndGlobalSection
	GlobalSection(SolutionProperties) = preSolution
		HideSolutionNode = FALSE
	EndGlobalSection
	GlobalSection(NestedProjects) = preSolution
		{DABFB3B8-B246-4F86-8EEB-C08CDDF53575} = {55196F5C-5615-4EEF-8C0D-D293108E0A9A}
		{100C36E1-5FB9-47D7-83AD-FCC8D824E7D6} = {55196F5C-5615-4EEF-8C0D-D293108E0A9A}
	EndGlobalSection
	GlobalSection(ExtensibilityGlobals) = postSolution
		SolutionGuid = {29FF40C1-9082-4BE1-A82B-220F4B5C559E}
	EndGlobalSection
EndGlobal
