
Microsoft Visual Studio Solution File, Format Version 12.00
# Visual Studio 15
VisualStudioVersion = 15.0.27004.2005
MinimumVisualStudioVersion = 10.0.40219.1
Project("{9A19103F-16F7-4668-BE54-9A1E7A4F7556}") = "BitCode.DesignPattern.Decorator", "BitCode.DesignPattern.Decorator\BitCode.DesignPattern.Decorator.csproj", "{A8901554-6AD9-4B41-973A-D44555F2A604}"
EndProject
Project("{9A19103F-16F7-4668-BE54-9A1E7A4F7556}") = "BitCode.DesignPattern.ConsoleApp", "Bitcode.DesignPattern.ConsoleApp\BitCode.DesignPattern.ConsoleApp.csproj", "{487F4231-0097-4F3D-A1E7-6A9D834AA9FF}"
EndProject
Project("{2150E333-8FDC-42A3-9474-1A3956D46DE8}") = "DesignPatterns", "DesignPatterns", "{55196F5C-5615-4EEF-8C0D-D293108E0A9A}"
EndProject
Global
	GlobalSection(SolutionConfigurationPlatforms) = preSolution
		Debug|Any CPU = Debug|Any CPU
		Release|Any CPU = Release|Any CPU
	EndGlobalSection
	GlobalSection(ProjectConfigurationPlatforms) = postSolution
		{A8901554-6AD9-4B41-973A-D44555F2A604}.Debug|Any CPU.ActiveCfg = Debug|Any CPU
		{A8901554-6AD9-4B41-973A-D44555F2A604}.Debug|Any CPU.Build.0 = Debug|Any CPU
		{A8901554-6AD9-4B41-973A-D44555F2A604}.Release|Any CPU.ActiveCfg = Release|Any CPU
		{A8901554-6AD9-4B41-973A-D44555F2A604}.Release|Any CPU.Build.0 = Release|Any CPU
		{487F4231-0097-4F3D-A1E7-6A9D834AA9FF}.Debug|Any CPU.ActiveCfg = Debug|Any CPU
		{487F4231-0097-4F3D-A1E7-6A9D834AA9FF}.Debug|Any CPU.Build.0 = Debug|Any CPU
		{487F4231-0097-4F3D-A1E7-6A9D834AA9FF}.Release|Any CPU.ActiveCfg = Release|Any CPU
		{487F4231-0097-4F3D-A1E7-6A9D834AA9FF}.Release|Any CPU.Build.0 = Release|Any CPU
	EndGlobalSection
	GlobalSection(SolutionProperties) = preSolution
		HideSolutionNode = FALSE
	EndGlobalSection
	GlobalSection(NestedProjects) = preSolution
		{A8901554-6AD9-4B41-973A-D44555F2A604} = {55196F5C-5615-4EEF-8C0D-D293108E0A9A}
		{487F4231-0097-4F3D-A1E7-6A9D834AA9FF} = {55196F5C-5615-4EEF-8C0D-D293108E0A9A}
	EndGlobalSection
	GlobalSection(ExtensibilityGlobals) = postSolution
		SolutionGuid = {29FF40C1-9082-4BE1-A82B-220F4B5C559E}
	EndGlobalSection
EndGlobal
